{
    "_readme": [
        "This file locks the dependencies of your project to a known state",
        "Read more about it at http://getcomposer.org/doc/01-basic-usage.md#composer-lock-the-lock-file"
    ],
    "hash": "651ad687f4dec57df691cfc323b2196e",
    "packages": [
        {
            "name": "thomasklein/mite",
            "version": "master",
            "source": {
                "type": "git",
                "url": "https://github.com/thomasklein/mite.php.git",
                "reference": "master"
            },
            "type": "library",
            "time": "2011-09-02 21:38:12"
        }
    ],
    "packages-dev": [

    ],
    "aliases": [

    ],
    "minimum-stability": "dev",
    "stability-flags": [

    ],
    "platform": [

    ],
    "platform-dev": [

    ]
}
